
Microsoft Visual Studio Solution File, Format Version 12.00
# Visual Studio Version 16
VisualStudioVersion = 16.0.30413.136
MinimumVisualStudioVersion = 10.0.40219.1
Project("{9A19103F-16F7-4668-BE54-9A1E7A4F7556}") = "GsriSync.WpfApp", "GsriSync.WpfApp\GsriSync.WpfApp.csproj", "{49D8D2E7-6D2F-4D78-B7F6-017C63989E90}"
EndProject
Project("{C7167F0D-BC9F-4E6E-AFE1-012C56B48DB5}") = "GsriSync.Setup", "GsriSync.Setup\GsriSync.Setup.wapproj", "{3B2B8E42-E447-49A8-ABB0-A300A4D00BC5}"
EndProject
Project("{FAE04EC0-301F-11D3-BF4B-00C04F79EFBC}") = "GsriSync.MkManifest", "GsriSync.MkManifest\GsriSync.MkManifest.csproj", "{2453135A-ACE6-4DCE-9738-5B53F8C472A5}"
EndProject
Global
	GlobalSection(SolutionConfigurationPlatforms) = preSolution
		Debug|Any CPU = Debug|Any CPU
		Debug|ARM = Debug|ARM
		Debug|ARM64 = Debug|ARM64
		Debug|x64 = Debug|x64
		Debug|x86 = Debug|x86
		Release|Any CPU = Release|Any CPU
		Release|ARM = Release|ARM
		Release|ARM64 = Release|ARM64
		Release|x64 = Release|x64
		Release|x86 = Release|x86
	EndGlobalSection
	GlobalSection(ProjectConfigurationPlatforms) = postSolution
		{49D8D2E7-6D2F-4D78-B7F6-017C63989E90}.Debug|Any CPU.ActiveCfg = Debug|Any CPU
		{49D8D2E7-6D2F-4D78-B7F6-017C63989E90}.Debug|Any CPU.Build.0 = Debug|Any CPU
		{49D8D2E7-6D2F-4D78-B7F6-017C63989E90}.Debug|ARM.ActiveCfg = Debug|Any CPU
		{49D8D2E7-6D2F-4D78-B7F6-017C63989E90}.Debug|ARM.Build.0 = Debug|Any CPU
		{49D8D2E7-6D2F-4D78-B7F6-017C63989E90}.Debug|ARM64.ActiveCfg = Debug|Any CPU
		{49D8D2E7-6D2F-4D78-B7F6-017C63989E90}.Debug|ARM64.Build.0 = Debug|Any CPU
		{49D8D2E7-6D2F-4D78-B7F6-017C63989E90}.Debug|x64.ActiveCfg = Debug|Any CPU
		{49D8D2E7-6D2F-4D78-B7F6-017C63989E90}.Debug|x64.Build.0 = Debug|Any CPU
		{49D8D2E7-6D2F-4D78-B7F6-017C63989E90}.Debug|x86.ActiveCfg = Debug|Any CPU
		{49D8D2E7-6D2F-4D78-B7F6-017C63989E90}.Debug|x86.Build.0 = Debug|Any CPU
		{49D8D2E7-6D2F-4D78-B7F6-017C63989E90}.Release|Any CPU.ActiveCfg = Release|Any CPU
		{49D8D2E7-6D2F-4D78-B7F6-017C63989E90}.Release|Any CPU.Build.0 = Release|Any CPU
		{49D8D2E7-6D2F-4D78-B7F6-017C63989E90}.Release|ARM.ActiveCfg = Release|Any CPU
		{49D8D2E7-6D2F-4D78-B7F6-017C63989E90}.Release|ARM.Build.0 = Release|Any CPU
		{49D8D2E7-6D2F-4D78-B7F6-017C63989E90}.Release|ARM64.ActiveCfg = Release|Any CPU
		{49D8D2E7-6D2F-4D78-B7F6-017C63989E90}.Release|ARM64.Build.0 = Release|Any CPU
		{49D8D2E7-6D2F-4D78-B7F6-017C63989E90}.Release|x64.ActiveCfg = Release|Any CPU
		{49D8D2E7-6D2F-4D78-B7F6-017C63989E90}.Release|x64.Build.0 = Release|Any CPU
		{49D8D2E7-6D2F-4D78-B7F6-017C63989E90}.Release|x86.ActiveCfg = Release|Any CPU
		{49D8D2E7-6D2F-4D78-B7F6-017C63989E90}.Release|x86.Build.0 = Release|Any CPU
		{3B2B8E42-E447-49A8-ABB0-A300A4D00BC5}.Debug|Any CPU.ActiveCfg = Debug|Any CPU
		{3B2B8E42-E447-49A8-ABB0-A300A4D00BC5}.Debug|Any CPU.Build.0 = Debug|Any CPU
		{3B2B8E42-E447-49A8-ABB0-A300A4D00BC5}.Debug|Any CPU.Deploy.0 = Debug|Any CPU
		{3B2B8E42-E447-49A8-ABB0-A300A4D00BC5}.Debug|ARM.ActiveCfg = Debug|ARM
		{3B2B8E42-E447-49A8-ABB0-A300A4D00BC5}.Debug|ARM.Build.0 = Debug|ARM
		{3B2B8E42-E447-49A8-ABB0-A300A4D00BC5}.Debug|ARM.Deploy.0 = Debug|ARM
		{3B2B8E42-E447-49A8-ABB0-A300A4D00BC5}.Debug|ARM64.ActiveCfg = Debug|ARM64
		{3B2B8E42-E447-49A8-ABB0-A300A4D00BC5}.Debug|ARM64.Build.0 = Debug|ARM64
		{3B2B8E42-E447-49A8-ABB0-A300A4D00BC5}.Debug|ARM64.Deploy.0 = Debug|ARM64
		{3B2B8E42-E447-49A8-ABB0-A300A4D00BC5}.Debug|x64.ActiveCfg = Debug|x64
		{3B2B8E42-E447-49A8-ABB0-A300A4D00BC5}.Debug|x64.Build.0 = Debug|x64
		{3B2B8E42-E447-49A8-ABB0-A300A4D00BC5}.Debug|x64.Deploy.0 = Debug|x64
		{3B2B8E42-E447-49A8-ABB0-A300A4D00BC5}.Debug|x86.ActiveCfg = Debug|x86
		{3B2B8E42-E447-49A8-ABB0-A300A4D00BC5}.Debug|x86.Build.0 = Debug|x86
		{3B2B8E42-E447-49A8-ABB0-A300A4D00BC5}.Debug|x86.Deploy.0 = Debug|x86
		{3B2B8E42-E447-49A8-ABB0-A300A4D00BC5}.Release|Any CPU.ActiveCfg = Release|Any CPU
		{3B2B8E42-E447-49A8-ABB0-A300A4D00BC5}.Release|Any CPU.Build.0 = Release|Any CPU
		{3B2B8E42-E447-49A8-ABB0-A300A4D00BC5}.Release|Any CPU.Deploy.0 = Release|Any CPU
		{3B2B8E42-E447-49A8-ABB0-A300A4D00BC5}.Release|ARM.ActiveCfg = Release|ARM
		{3B2B8E42-E447-49A8-ABB0-A300A4D00BC5}.Release|ARM.Build.0 = Release|ARM
		{3B2B8E42-E447-49A8-ABB0-A300A4D00BC5}.Release|ARM.Deploy.0 = Release|ARM
		{3B2B8E42-E447-49A8-ABB0-A300A4D00BC5}.Release|ARM64.ActiveCfg = Release|ARM64
		{3B2B8E42-E447-49A8-ABB0-A300A4D00BC5}.Release|ARM64.Build.0 = Release|ARM64
		{3B2B8E42-E447-49A8-ABB0-A300A4D00BC5}.Release|ARM64.Deploy.0 = Release|ARM64
		{3B2B8E42-E447-49A8-ABB0-A300A4D00BC5}.Release|x64.ActiveCfg = Release|x64
		{3B2B8E42-E447-49A8-ABB0-A300A4D00BC5}.Release|x64.Build.0 = Release|x64
		{3B2B8E42-E447-49A8-ABB0-A300A4D00BC5}.Release|x64.Deploy.0 = Release|x64
		{3B2B8E42-E447-49A8-ABB0-A300A4D00BC5}.Release|x86.ActiveCfg = Release|x86
		{3B2B8E42-E447-49A8-ABB0-A300A4D00BC5}.Release|x86.Build.0 = Release|x86
		{3B2B8E42-E447-49A8-ABB0-A300A4D00BC5}.Release|x86.Deploy.0 = Release|x86
		{2453135A-ACE6-4DCE-9738-5B53F8C472A5}.Debug|Any CPU.ActiveCfg = Debug|Any CPU
		{2453135A-ACE6-4DCE-9738-5B53F8C472A5}.Debug|Any CPU.Build.0 = Debug|Any CPU
		{2453135A-ACE6-4DCE-9738-5B53F8C472A5}.Debug|ARM.ActiveCfg = Debug|Any CPU
		{2453135A-ACE6-4DCE-9738-5B53F8C472A5}.Debug|ARM.Build.0 = Debug|Any CPU
		{2453135A-ACE6-4DCE-9738-5B53F8C472A5}.Debug|ARM64.ActiveCfg = Debug|Any CPU
		{2453135A-ACE6-4DCE-9738-5B53F8C472A5}.Debug|ARM64.Build.0 = Debug|Any CPU
		{2453135A-ACE6-4DCE-9738-5B53F8C472A5}.Debug|x64.ActiveCfg = Debug|Any CPU
		{2453135A-ACE6-4DCE-9738-5B53F8C472A5}.Debug|x64.Build.0 = Debug|Any CPU
		{2453135A-ACE6-4DCE-9738-5B53F8C472A5}.Debug|x86.ActiveCfg = Debug|Any CPU
		{2453135A-ACE6-4DCE-9738-5B53F8C472A5}.Debug|x86.Build.0 = Debug|Any CPU
		{2453135A-ACE6-4DCE-9738-5B53F8C472A5}.Release|Any CPU.ActiveCfg = Release|Any CPU
		{2453135A-ACE6-4DCE-9738-5B53F8C472A5}.Release|Any CPU.Build.0 = Release|Any CPU
		{2453135A-ACE6-4DCE-9738-5B53F8C472A5}.Release|ARM.ActiveCfg = Release|Any CPU
		{2453135A-ACE6-4DCE-9738-5B53F8C472A5}.Release|ARM.Build.0 = Release|Any CPU
		{2453135A-ACE6-4DCE-9738-5B53F8C472A5}.Release|ARM64.ActiveCfg = Release|Any CPU
		{2453135A-ACE6-4DCE-9738-5B53F8C472A5}.Release|ARM64.Build.0 = Release|Any CPU
		{2453135A-ACE6-4DCE-9738-5B53F8C472A5}.Release|x64.ActiveCfg = Release|Any CPU
		{2453135A-ACE6-4DCE-9738-5B53F8C472A5}.Release|x64.Build.0 = Release|Any CPU
		{2453135A-ACE6-4DCE-9738-5B53F8C472A5}.Release|x86.ActiveCfg = Release|Any CPU
		{2453135A-ACE6-4DCE-9738-5B53F8C472A5}.Release|x86.Build.0 = Release|Any CPU
	EndGlobalSection
	GlobalSection(SolutionProperties) = preSolution
		HideSolutionNode = FALSE
	EndGlobalSection
	GlobalSection(ExtensibilityGlobals) = postSolution
		SolutionGuid = {75BBB7B0-504E-448D-9E4D-2E7B54732091}
	EndGlobalSection
EndGlobal
